
Microsoft Visual Studio Solution File, Format Version 12.00
Project("{FAE04EC0-301F-11D3-BF4B-00C04F79EFBC}") = "AvoidJSWebinarDemo", "AvoidJSWebinarDemo\AvoidJSWebinarDemo.csproj", "{9183EDDF-12E1-4096-8FEF-035C7F022A44}"
EndProject
Global
	GlobalSection(SolutionConfigurationPlatforms) = preSolution
		Debug|Any CPU = Debug|Any CPU
		Release|Any CPU = Release|Any CPU
	EndGlobalSection
	GlobalSection(ProjectConfigurationPlatforms) = postSolution
		{9183EDDF-12E1-4096-8FEF-035C7F022A44}.Debug|Any CPU.ActiveCfg = Debug|Any CPU
		{9183EDDF-12E1-4096-8FEF-035C7F022A44}.Debug|Any CPU.Build.0 = Debug|Any CPU
		{9183EDDF-12E1-4096-8FEF-035C7F022A44}.Release|Any CPU.ActiveCfg = Release|Any CPU
		{9183EDDF-12E1-4096-8FEF-035C7F022A44}.Release|Any CPU.Build.0 = Release|Any CPU
	EndGlobalSection
EndGlobal
